
Microsoft Visual Studio Solution File, Format Version 12.00
# Visual Studio Version 17
VisualStudioVersion = 17.7.34031.279
MinimumVisualStudioVersion = 10.0.40219.1
Project("{FAE04EC0-301F-11D3-BF4B-00C04F79EFBC}") = "Thesis", "Thesis\Thesis.csproj", "{61BCD47C-C1D9-4043-B1F5-24A12612C60C}"
EndProject
Global
	GlobalSection(SolutionConfigurationPlatforms) = preSolution
		Debug|Any CPU = Debug|Any CPU
		Release|Any CPU = Release|Any CPU
	EndGlobalSection
	GlobalSection(ProjectConfigurationPlatforms) = postSolution
		{61BCD47C-C1D9-4043-B1F5-24A12612C60C}.Debug|Any CPU.ActiveCfg = Debug|Any CPU
		{61BCD47C-C1D9-4043-B1F5-24A12612C60C}.Debug|Any CPU.Build.0 = Debug|Any CPU
		{61BCD47C-C1D9-4043-B1F5-24A12612C60C}.Release|Any CPU.ActiveCfg = Release|Any CPU
		{61BCD47C-C1D9-4043-B1F5-24A12612C60C}.Release|Any CPU.Build.0 = Release|Any CPU
	EndGlobalSection
	GlobalSection(SolutionProperties) = preSolution
		HideSolutionNode = FALSE
	EndGlobalSection
	GlobalSection(ExtensibilityGlobals) = postSolution
		SolutionGuid = {A49D0697-BF6E-480B-9486-EA494E6DE0BC}
	EndGlobalSection
EndGlobal
